
Microsoft Visual Studio Solution File, Format Version 12.00
# Visual Studio Version 17
VisualStudioVersion = 17.3.32901.215
MinimumVisualStudioVersion = 10.0.40219.1
Project("{FAE04EC0-301F-11D3-BF4B-00C04F79EFBC}") = "system_ogloszeniowy_wpf", "system_ogloszeniowy_wpf\system_ogloszeniowy_wpf.csproj", "{EBFEE426-1E39-43C9-A29B-A3C85CF8777E}"
EndProject
Global
	GlobalSection(SolutionConfigurationPlatforms) = preSolution
		Debug|Any CPU = Debug|Any CPU
		Release|Any CPU = Release|Any CPU
	EndGlobalSection
	GlobalSection(ProjectConfigurationPlatforms) = postSolution
		{EBFEE426-1E39-43C9-A29B-A3C85CF8777E}.Debug|Any CPU.ActiveCfg = Debug|Any CPU
		{EBFEE426-1E39-43C9-A29B-A3C85CF8777E}.Debug|Any CPU.Build.0 = Debug|Any CPU
		{EBFEE426-1E39-43C9-A29B-A3C85CF8777E}.Release|Any CPU.ActiveCfg = Release|Any CPU
		{EBFEE426-1E39-43C9-A29B-A3C85CF8777E}.Release|Any CPU.Build.0 = Release|Any CPU
	EndGlobalSection
	GlobalSection(SolutionProperties) = preSolution
		HideSolutionNode = FALSE
	EndGlobalSection
	GlobalSection(ExtensibilityGlobals) = postSolution
		SolutionGuid = {8328C300-751E-40A8-8A05-9F28A04644DA}
	EndGlobalSection
EndGlobal
